
Microsoft Visual Studio Solution File, Format Version 12.00
# Visual Studio Version 16
VisualStudioVersion = 16.0.30011.22
MinimumVisualStudioVersion = 10.0.40219.1
Project("{FAE04EC0-301F-11D3-BF4B-00C04F79EFBC}") = "AMMEdit", "AMMEdit.csproj", "{91BC1D9D-0259-4711-8CA9-940631ED8D6A}"
EndProject
Global
	GlobalSection(SolutionConfigurationPlatforms) = preSolution
		Debug|Any CPU = Debug|Any CPU
		Release|Any CPU = Release|Any CPU
	EndGlobalSection
	GlobalSection(ProjectConfigurationPlatforms) = postSolution
		{91BC1D9D-0259-4711-8CA9-940631ED8D6A}.Debug|Any CPU.ActiveCfg = Debug|Any CPU
		{91BC1D9D-0259-4711-8CA9-940631ED8D6A}.Debug|Any CPU.Build.0 = Debug|Any CPU
		{91BC1D9D-0259-4711-8CA9-940631ED8D6A}.Release|Any CPU.ActiveCfg = Release|Any CPU
		{91BC1D9D-0259-4711-8CA9-940631ED8D6A}.Release|Any CPU.Build.0 = Release|Any CPU
	EndGlobalSection
	GlobalSection(SolutionProperties) = preSolution
		HideSolutionNode = FALSE
	EndGlobalSection
	GlobalSection(ExtensibilityGlobals) = postSolution
		SolutionGuid = {8CD63D94-524B-4011-8C3E-99875C85AE28}
	EndGlobalSection
EndGlobal
